// !$*UTF8*$!
{
	archiveVersion = 1;
	classes = {
	};
	objectVersion = 46;
	objects = {

/* Begin PBXBuildFile section */
		C9136F8D1DDE3E450066ADA0 /* AppDelegate.swift in Sources */ = {isa = PBXBuildFile; fileRef = C9136F8C1DDE3E450066ADA0 /* AppDelegate.swift */; };
		C9136F8F1DDE3E450066ADA0 /* ViewController.swift in Sources */ = {isa = PBXBuildFile; fileRef = C9136F8E1DDE3E450066ADA0 /* ViewController.swift */; };
		C9136F921DDE3E450066ADA0 /* Main.storyboard in Resources */ = {isa = PBXBuildFile; fileRef = C9136F901DDE3E450066ADA0 /* Main.storyboard */; };
		C9136F941DDE3E450066ADA0 /* Assets.xcassets in Resources */ = {isa = PBXBuildFile; fileRef = C9136F931DDE3E450066ADA0 /* Assets.xcassets */; };
		C9136F971DDE3E450066ADA0 /* LaunchScreen.storyboard in Resources */ = {isa = PBXBuildFile; fileRef = C9136F951DDE3E450066ADA0 /* LaunchScreen.storyboard */; };
/* End PBXBuildFile section */

/* Begin PBXFileReference section */
		C9136F891DDE3E440066ADA0 /* BouncyHighlightButton.app */ = {isa = PBXFileReference; explicitFileType = wrapper.application; includeInIndex = 0; path = BouncyHighlightButton.app; sourceTree = BUILT_PRODUCTS_DIR; };
		C9136F8C1DDE3E450066ADA0 /* AppDelegate.swift */ = {isa = PBXFileReference; lastKnownFileType = sourcecode.swift; path = AppDelegate.swift; sourceTree = "<group>"; };
		C9136F8E1DDE3E450066ADA0 /* ViewController.swift */ = {isa = PBXFileReference; lastKnownFileType = sourcecode.swift; path = ViewController.swift; sourceTree = "<group>"; };
		C9136F911DDE3E450066ADA0 /* Base */ = {isa = PBXFileReference; lastKnownFileType = file.storyboard; name = Base; path = Base.lproj/Main.storyboard; sourceTree = "<group>"; };
		C9136F931DDE3E450066ADA0 /* Assets.xcassets */ = {isa = PBXFileReference; lastKnownFileType = folder.assetcatalog; path = Assets.xcassets; sourceTree = "<group>"; };
		C9136F961DDE3E450066ADA0 /* Base */ = {isa = PBXFileReference; lastKnownFileType = file.storyboard; name = Base; path = Base.lproj/LaunchScreen.storyboard; sourceTree = "<group>"; };
		C9136F981DDE3E450066ADA0 /* Info.plist */ = {isa = PBXFileReference; lastKnownFileType = text.plist.xml; path = Info.plist; sourceTree = "<group>"; };
/* End PBXFileReference section */

/* Begin PBXFrameworksBuildPhase section */
		C9136F861DDE3E440066ADA0 /* Frameworks */ = {
			isa = PBXFrameworksBuildPhase;
			buildActionMask = 2147483647;
			files = (
			);
			runOnlyForDeploymentPostprocessing = 0;
		};
/* End PBXFrameworksBuildPhase section */

/* Begin PBXGroup section */
		C9136F801DDE3E440066ADA0 = {
			isa = PBXGroup;
			children = (
				C9136F8B1DDE3E440066ADA0 /* BouncyHighlightButton */,
				C9136F8A1DDE3E440066ADA0 /* Products */,
			);
			sourceTree = "<group>";
		};
		C9136F8A1DDE3E440066ADA0 /* Products */ = {
			isa = PBXGroup;
			children = (
				C9136F891DDE3E440066ADA0 /* BouncyHighlightButton.app */,
			);
			name = Products;
			sourceTree = "<group>";
		};
		C9136F8B1DDE3E440066ADA0 /* BouncyHighlightButton */ = {
			isa = PBXGroup;
			children = (
				C9136F8C1DDE3E450066ADA0 /* AppDelegate.swift */,
				C9136F8E1DDE3E450066ADA0 /* ViewController.swift */,
				C9136F901DDE3E450066ADA0 /* Main.storyboard */,
				C9136F931DDE3E450066ADA0 /* Assets.xcassets */,
				C9136F951DDE3E450066ADA0 /* LaunchScreen.storyboard */,
				C9136F981DDE3E450066ADA0 /* Info.plist */,
			);
			path = BouncyHighlightButton;
			sourceTree = "<group>";
		};
/* End PBXGroup section */

/* Begin PBXNativeTarget section */
		C9136F881DDE3E440066ADA0 /* BouncyHighlightButton */ = {
			isa = PBXNativeTarget;
			buildConfigurationList = C9136F9B1DDE3E450066ADA0 /* Build configuration list for PBXNativeTarget "BouncyHighlightButton" */;
			buildPhases = (
				C9136F851DDE3E440066ADA0 /* Sources */,
				C9136F861DDE3E440066ADA0 /* Frameworks */,
				C9136F871DDE3E440066ADA0 /* Resources */,
			);
			buildRules = (
			);
			dependencies = (
			);
			name = BouncyHighlightButton;
			productName = BouncyHighlightButton;
			productReference = C9136F891DDE3E440066ADA0 /* BouncyHighlightButton.app */;
			productType = "com.apple.product-type.application";
		};
/* End PBXNativeTarget section */

/* Begin PBXProject section */
		C9136F811DDE3E440066ADA0 /* Project object */ = {
			isa = PBXProject;
			attributes = {
				LastSwiftUpdateCheck = 0810;
				LastUpgradeCheck = 0810;
				ORGANIZATIONNAME = "Matt Amerige";
				TargetAttributes = {
					C9136F881DDE3E440066ADA0 = {
						CreatedOnToolsVersion = 8.1;
						DevelopmentTeam = VQXELCH5FM;
						ProvisioningStyle = Automatic;
					};
				};
			};
			buildConfigurationList = C9136F841DDE3E440066ADA0 /* Build configuration list for PBXProject "BouncyHighlightButton" */;
			compatibilityVersion = "Xcode 3.2";
			developmentRegion = English;
			hasScannedForEncodings = 0;
			knownRegions = (
				en,
				Base,
			);
			mainGroup = C9136F801DDE3E440066ADA0;
			productRefGroup = C9136F8A1DDE3E440066ADA0 /* Products */;
			projectDirPath = "";
			projectRoot = "";
			targets = (
				C9136F881DDE3E440066ADA0 /* BouncyHighlightButton */,
			);
		};
/* End PBXProject section */

/* Begin PBXResourcesBuildPhase section */
		C9136F871DDE3E440066ADA0 /* Resources */ = {
			isa = PBXResourcesBuildPhase;
			buildActionMask = 2147483647;
			files = (
				C9136F971DDE3E450066ADA0 /* LaunchScreen.storyboard in Resources */,
				C9136F941DDE3E450066ADA0 /* Assets.xcassets in Resources */,
				C9136F921DDE3E450066ADA0 /* Main.storyboard in Resources */,
			);
			runOnlyForDeploymentPostprocessing = 0;
		};
/* End PBXResourcesBuildPhase section */

/* Begin PBXSourcesBuildPhase section */
		C9136F851DDE3E440066ADA0 /* Sources */ = {
			isa = PBXSourcesBuildPhase;
			buildActionMask = 2147483647;
			files = (
				C9136F8F1DDE3E450066ADA0 /* ViewController.swift in Sources */,
				C9136F8D1DDE3E450066ADA0 /* AppDelegate.swift in Sources */,
			);
			runOnlyForDeploymentPostprocessing = 0;
		};
/* End PBXSourcesBuildPhase section */

/* Begin PBXVariantGroup section */
		C9136F901DDE3E450066ADA0 /* Main.storyboard */ = {
			isa = PBXVariantGroup;
			children = (
				C9136F911DDE3E450066ADA0 /* Base */,
			);
			name = Main.storyboard;
			sourceTree = "<group>";
		};
		C9136F951DDE3E450066ADA0 /* LaunchScreen.storyboard */ = {
			isa = PBXVariantGroup;
			children = (
				C9136F961DDE3E450066ADA0 /* Base */,
			);
			name = LaunchScreen.storyboard;
			sourceTree = "<group>";
		};
/* End PBXVariantGroup section */

/* Begin XCBuildConfiguration section */
		C9136F991DDE3E450066ADA0 /* Debug */ = {
			isa = XCBuildConfiguration;
			buildSettings = {
				ALWAYS_SEARCH_USER_PATHS = NO;
				CLANG_ANALYZER_NONNULL = YES;
				CLANG_CXX_LANGUAGE_STANDARD = "gnu++0x";
				CLANG_CXX_LIBRARY = "libc++";
				CLANG_ENABLE_MODULES = YES;
				CLANG_ENABLE_OBJC_ARC = YES;
				CLANG_WARN_BOOL_CONVERSION = YES;
				CLANG_WARN_CONSTANT_CONVERSION = YES;
				CLANG_WARN_DIRECT_OBJC_ISA_USAGE = YES_ERROR;
				CLANG_WARN_DOCUMENTATION_COMMENTS = YES;
				CLANG_WARN_EMPTY_BODY = YES;
				CLANG_WARN_ENUM_CONVERSION = YES;
				CLANG_WARN_INFINITE_RECURSION = YES;
				CLANG_WARN_INT_CONVERSION = YES;
				CLANG_WARN_OBJC_ROOT_CLASS = YES_ERROR;
				CLANG_WARN_SUSPICIOUS_MOVES = YES;
				CLANG_WARN_UNREACHABLE_CODE = YES;
				CLANG_WARN__DUPLICATE_METHOD_MATCH = YES;
				"CODE_SIGN_IDENTITY[sdk=iphoneos*]" = "iPhone Developer";
				COPY_PHASE_STRIP = NO;
				DEBUG_INFORMATION_FORMAT = dwarf;
				ENABLE_STRICT_OBJC_MSGSEND = YES;
				ENABLE_TESTABILITY = YES;
				GCC_C_LANGUAGE_STANDARD = gnu99;
				GCC_DYNAMIC_NO_PIC = NO;
				GCC_NO_COMMON_BLOCKS = YES;
				GCC_OPTIMIZATION_LEVEL = 0;
				GCC_PREPROCESSOR_DEFINITIONS = (
					"DEBUG=1",
					"$(inherited)",
				);
				GCC_WARN_64_TO_32_BIT_CONVERSION = YES;
				GCC_WARN_ABOUT_RETURN_TYPE = YES_ERROR;
				GCC_WARN_UNDECLARED_SELECTOR = YES;
				GCC_WARN_UNINITIALIZED_AUTOS = YES_AGGRESSIVE;
				GCC_WARN_UNUSED_FUNCTION = YES;
				GCC_WARN_UNUSED_VARIABLE = YES;
				IPHONEOS_DEPLOYMENT_TARGET = 10.1;
				MTL_ENABLE_DEBUG_INFO = YES;
				ONLY_ACTIVE_ARCH = YES;
				SDKROOT = iphoneos;
				SWIFT_ACTIVE_COMPILATION_CONDITIONS = DEBUG;
				SWIFT_OPTIMIZATION_LEVEL = "-Onone";
				TARGETED_DEVICE_FAMILY = "1,2";
			};
			name = Debug;
		};
		C9136F9A1DDE3E450066ADA0 /* Release */ = {
			isa = XCBuildConfiguration;
			buildSettings = {
				ALWAYS_SEARCH_USER_PATHS = NO;
				CLANG_ANALYZER_NONNULL = YES;
				CLANG_CXX_LANGUAGE_STANDARD = "gnu++0x";
				CLANG_CXX_LIBRARY = "libc++";
				CLANG_ENABLE_MODULES = YES;
				CLANG_ENABLE_OBJC_ARC = YES;
				CLANG_WARN_BOOL_CONVERSION = YES;
				CLANG_WARN_CONSTANT_CONVERSION = YES;
				CLANG_WARN_DIRECT_OBJC_ISA_USAGE = YES_ERROR;
				CLANG_WARN_DOCUMENTATION_COMMENTS = YES;
				CLANG_WARN_EMPTY_BODY = YES;
				CLANG_WARN_ENUM_CONVERSION = YES;
				CLANG_WARN_INFINITE_RECURSION = YES;
				CLANG_WARN_INT_CONVERSION = YES;
				CLANG_WARN_OBJC_ROOT_CLASS = YES_ERROR;
				CLANG_WARN_SUSPICIOUS_MOVES = YES;
				CLANG_WARN_UNREACHABLE_CODE = YES;
				CLANG_WARN__DUPLICATE_METHOD_MATCH = YES;
				"CODE_SIGN_IDENTITY[sdk=iphoneos*]" = "iPhone Developer";
				COPY_PHASE_STRIP = NO;
				DEBUG_INFORMATION_FORMAT = "dwarf-with-dsym";
				ENABLE_NS_ASSERTIONS = NO;
				ENABLE_STRICT_OBJC_MSGSEND = YES;
				GCC_C_LANGUAGE_STANDARD = gnu99;
				GCC_NO_COMMON_BLOCKS = YES;
				GCC_WARN_64_TO_32_BIT_CONVERSION = YES;
				GCC_WARN_ABOUT_RETURN_TYPE = YES_ERROR;
				GCC_WARN_UNDECLARED_SELECTOR = YES;
				GCC_WARN_UNINITIALIZED_AUTOS = YES_AGGRESSIVE;
				GCC_WARN_UNUSED_FUNCTION = YES;
				GCC_WARN_UNUSED_VARIABLE = YES;
				IPHONEOS_DEPLOYMENT_TARGET = 10.1;
				MTL_ENABLE_DEBUG_INFO = NO;
				SDKROOT = iphoneos;
				SWIFT_OPTIMIZATION_LEVEL = "-Owholemodule";
				TARGETED_DEVICE_FAMILY = "1,2";
				VALIDATE_PRODUCT = YES;
			};
			name = Release;
		};
		C9136F9C1DDE3E450066ADA0 /* Debug */ = {
			isa = XCBuildConfiguration;
			buildSettings = {
				ASSETCATALOG_COMPILER_APPICON_NAME = AppIcon;
				DEVELOPMENT_TEAM = VQXELCH5FM;
				INFOPLIST_FILE = BouncyHighlightButton/Info.plist;
				LD_RUNPATH_SEARCH_PATHS = "$(inherited) @executable_path/Frameworks";
				PRODUCT_BUNDLE_IDENTIFIER = com.BuildThings.BouncyHighlightButton;
				PRODUCT_NAME = "$(TARGET_NAME)";
				SWIFT_VERSION = 3.0;
			};
			name = Debug;
		};
		C9136F9D1DDE3E450066ADA0 /* Release */ = {
			isa = XCBuildConfiguration;
			buildSettings = {
				ASSETCATALOG_COMPILER_APPICON_NAME = AppIcon;
				DEVELOPMENT_TEAM = VQXELCH5FM;
				INFOPLIST_FILE = BouncyHighlightButton/Info.plist;
				LD_RUNPATH_SEARCH_PATHS = "$(inherited) @executable_path/Frameworks";
				PRODUCT_BUNDLE_IDENTIFIER = com.BuildThings.BouncyHighlightButton;
				PRODUCT_NAME = "$(TARGET_NAME)";
				SWIFT_VERSION = 3.0;
			};
			name = Release;
		};
/* End XCBuildConfiguration section */

/* Begin XCConfigurationList section */
		C9136F841DDE3E440066ADA0 /* Build configuration list for PBXProject "BouncyHighlightButton" */ = {
			isa = XCConfigurationList;
			buildConfigurations = (
				C9136F991DDE3E450066ADA0 /* Debug */,
				C9136F9A1DDE3E450066ADA0 /* Release */,
			);
			defaultConfigurationIsVisible = 0;
			defaultConfigurationName = Release;
		};
		C9136F9B1DDE3E450066ADA0 /* Build configuration list for PBXNativeTarget "BouncyHighlightButton" */ = {
			isa = XCConfigurationList;
			buildConfigurations = (
				C9136F9C1DDE3E450066ADA0 /* Debug */,
				C9136F9D1DDE3E450066ADA0 /* Release */,
			);
			defaultConfigurationIsVisible = 0;
		};
/* End XCConfigurationList section */
	};
	rootObject = C9136F811DDE3E440066ADA0 /* Project object */;
}
